
Microsoft Visual Studio Solution File, Format Version 12.00
# Visual Studio Version 16
VisualStudioVersion = 16.0.31205.134
MinimumVisualStudioVersion = 10.0.40219.1
Project("{FAE04EC0-301F-11D3-BF4B-00C04F79EFBC}") = "potatio", "potatio\potatio.csproj", "{EE169978-857E-425A-8803-F88B9459201C}"
EndProject
Global
	GlobalSection(SolutionConfigurationPlatforms) = preSolution
		Debug|Any CPU = Debug|Any CPU
		Release|Any CPU = Release|Any CPU
	EndGlobalSection
	GlobalSection(ProjectConfigurationPlatforms) = postSolution
		{EE169978-857E-425A-8803-F88B9459201C}.Debug|Any CPU.ActiveCfg = Debug|Any CPU
		{EE169978-857E-425A-8803-F88B9459201C}.Debug|Any CPU.Build.0 = Debug|Any CPU
		{EE169978-857E-425A-8803-F88B9459201C}.Release|Any CPU.ActiveCfg = Release|Any CPU
		{EE169978-857E-425A-8803-F88B9459201C}.Release|Any CPU.Build.0 = Release|Any CPU
	EndGlobalSection
	GlobalSection(SolutionProperties) = preSolution
		HideSolutionNode = FALSE
	EndGlobalSection
	GlobalSection(ExtensibilityGlobals) = postSolution
		SolutionGuid = {581B2BB5-006E-40DD-B3DE-B458D5F60BDE}
	EndGlobalSection
EndGlobal
